speakeasyVersion: 1.455.0
sources:
    Petstore API:
        sourceNamespace: petstore-api
        sourceRevisionDigest: sha256:38bba5bd2c0be859e5015640c5a57dda34cfc30862ce7c2a962d08cd979b950b
        sourceBlobDigest: sha256:386a9e72e0645e223e25d52318bb3b2ec1f0ea6fcc756b56a9c418880ea6597a
        tags:
            - latest
            - 1.0.0
targets:
    petstore:
        source: Petstore API
        sourceNamespace: petstore-api
        sourceRevisionDigest: sha256:38bba5bd2c0be859e5015640c5a57dda34cfc30862ce7c2a962d08cd979b950b
        sourceBlobDigest: sha256:386a9e72e0645e223e25d52318bb3b2ec1f0ea6fcc756b56a9c418880ea6597a
        codeSamplesNamespace: petstore-api-typescript-code-samples
        codeSamplesRevisionDigest: sha256:e530d961e0b72dd8777999439a1420346140f2c641c4d89965616f405bf556cf
workflow:
    workflowVersion: 1.0.0
    speakeasyVersion: latest
    sources:
        Petstore API:
            inputs:
                - location: ./webhooks-ts.openapi.yaml
            registry:
                location: registry.speakeasyapi.dev/speakeasy-self/speakeasy-self/petstore-api
    targets:
        petstore:
            target: typescript
            source: Petstore API
            codeSamples:
                registry:
                    location: registry.speakeasyapi.dev/speakeasy-self/speakeasy-self/petstore-api-typescript-code-samples
                blocking: false
