speakeasyVersion: 1.467.1
sources:
    Petstore API:
        sourceNamespace: examples-webhooks-custom-security-ts
        sourceRevisionDigest: sha256:8e791892120245781062963cef897cb79a131fa107a94b14491d5761deefa71f
        sourceBlobDigest: sha256:e09e83e8e707a6b5189226e001c1dd336b5718bc24650d1c80bbea1893d7df47
        tags:
            - latest
            - 1.0.0
targets:
    petstore:
        source: Petstore API
        sourceNamespace: examples-webhooks-custom-security-ts
        sourceRevisionDigest: sha256:8e791892120245781062963cef897cb79a131fa107a94b14491d5761deefa71f
        sourceBlobDigest: sha256:e09e83e8e707a6b5189226e001c1dd336b5718bc24650d1c80bbea1893d7df47
        codeSamplesNamespace: examples-webhooks-custom-security-ts-code-samples
        codeSamplesRevisionDigest: sha256:517e968435a11c6065832f88fcf58ed314c87e2e09d28a5821c9eb8c84e5c93e
workflow:
    workflowVersion: 1.0.0
    speakeasyVersion: latest
    sources:
        Petstore API:
            inputs:
                - location: ./openapi.yaml
            registry:
                location: registry.speakeasyapi.dev/speakeasy-self/speakeasy-self/examples-webhooks-custom-security-ts
    targets:
        petstore:
            target: typescript
            source: Petstore API
            codeSamples:
                registry:
                    location: registry.speakeasyapi.dev/speakeasy-self/speakeasy-self/examples-webhooks-custom-security-ts-code-samples
                blocking: false
