speakeasyVersion: 1.468.2
sources:
    Petstore API:
        sourceNamespace: examples-webhooks-custom-security-ts
        sourceRevisionDigest: sha256:22734f5b507602d3af1704e517c0eaa8e92b7eaca7e986fe63b65a23716f9c57
        sourceBlobDigest: sha256:aafd5c4c0ba659ed801ffb5ccaa1176d2c8f5b1e7634029b6aa3b0e3e4d2125f
        tags:
            - latest
            - 1.0.0
targets:
    petstore:
        source: Petstore API
        sourceNamespace: examples-webhooks-custom-security-ts
        sourceRevisionDigest: sha256:22734f5b507602d3af1704e517c0eaa8e92b7eaca7e986fe63b65a23716f9c57
        sourceBlobDigest: sha256:aafd5c4c0ba659ed801ffb5ccaa1176d2c8f5b1e7634029b6aa3b0e3e4d2125f
        codeSamplesNamespace: examples-webhooks-custom-security-ts-code-samples
        codeSamplesRevisionDigest: sha256:1e88d1e14b71b72d1870b0a732005aa847980c74c6417c8e30e2d1cf5952768a
workflow:
    workflowVersion: 1.0.0
    speakeasyVersion: latest
    sources:
        Petstore API:
            inputs:
                - location: ./openapi.yaml
            registry:
                location: registry.speakeasyapi.dev/speakeasy-self/speakeasy-self/examples-webhooks-custom-security-ts
    targets:
        petstore:
            target: typescript
            source: Petstore API
            codeSamples:
                registry:
                    location: registry.speakeasyapi.dev/speakeasy-self/speakeasy-self/examples-webhooks-custom-security-ts-code-samples
                blocking: false
