speakeasyVersion: 1.459.2
sources:
    Petstore API:
        sourceNamespace: petstore-api-webhooks-custom-security
        sourceRevisionDigest: sha256:da00f8b1808ce616da675fe14c6ab9d93fca3939ac3f39a2de11c1a1cbff3fce
        sourceBlobDigest: sha256:aafd5c4c0ba659ed801ffb5ccaa1176d2c8f5b1e7634029b6aa3b0e3e4d2125f
        tags:
            - latest
            - 1.0.0
targets:
    petstore:
        source: Petstore API
        sourceNamespace: petstore-api-webhooks-custom-security
        sourceRevisionDigest: sha256:da00f8b1808ce616da675fe14c6ab9d93fca3939ac3f39a2de11c1a1cbff3fce
        sourceBlobDigest: sha256:aafd5c4c0ba659ed801ffb5ccaa1176d2c8f5b1e7634029b6aa3b0e3e4d2125f
        codeSamplesNamespace: petstore-api-webhooks-custom-security-typescript-code-samples
        codeSamplesRevisionDigest: sha256:96e4f2e7c720e9a21c811f1cace2898cf67f55523cf234a2813ec8e46f76f118
workflow:
    workflowVersion: 1.0.0
    speakeasyVersion: latest
    sources:
        Petstore API:
            inputs:
                - location: ./webhooks-custom-security-ts.openapi.yaml
            registry:
                location: registry.speakeasyapi.dev/speakeasy-self/speakeasy-self/petstore-api-webhooks-custom-security
    targets:
        petstore:
            target: typescript
            source: Petstore API
            codeSamples:
                registry:
                    location: registry.speakeasyapi.dev/speakeasy-self/speakeasy-self/petstore-api-webhooks-custom-security-typescript-code-samples
                blocking: false
